
Microsoft Visual Studio Solution File, Format Version 12.00
# Visual Studio Version 17
VisualStudioVersion = 17.11.35327.3
MinimumVisualStudioVersion = 10.0.40219.1
Project("{FAE04EC0-301F-11D3-BF4B-00C04F79EFBC}") = "2Task", "2Task\2Task.csproj", "{0AC115BA-ED85-4154-A7DF-EA2AD4BD40BE}"
EndProject
Global
	GlobalSection(SolutionConfigurationPlatforms) = preSolution
		Debug|Any CPU = Debug|Any CPU
		Release|Any CPU = Release|Any CPU
	EndGlobalSection
	GlobalSection(ProjectConfigurationPlatforms) = postSolution
		{0AC115BA-ED85-4154-A7DF-EA2AD4BD40BE}.Debug|Any CPU.ActiveCfg = Debug|Any CPU
		{0AC115BA-ED85-4154-A7DF-EA2AD4BD40BE}.Debug|Any CPU.Build.0 = Debug|Any CPU
		{0AC115BA-ED85-4154-A7DF-EA2AD4BD40BE}.Release|Any CPU.ActiveCfg = Release|Any CPU
		{0AC115BA-ED85-4154-A7DF-EA2AD4BD40BE}.Release|Any CPU.Build.0 = Release|Any CPU
	EndGlobalSection
	GlobalSection(SolutionProperties) = preSolution
		HideSolutionNode = FALSE
	EndGlobalSection
	GlobalSection(ExtensibilityGlobals) = postSolution
		SolutionGuid = {777D8877-6EA2-4076-8632-5649C247F249}
	EndGlobalSection
EndGlobal
