
Microsoft Visual Studio Solution File, Format Version 12.00
# Visual Studio Version 17
VisualStudioVersion = 17.11.35327.3
MinimumVisualStudioVersion = 10.0.40219.1
Project("{FAE04EC0-301F-11D3-BF4B-00C04F79EFBC}") = "4Task", "4Task\4Task.csproj", "{3DD81976-97F9-4704-AD30-4F1F4B298EE8}"
EndProject
Global
	GlobalSection(SolutionConfigurationPlatforms) = preSolution
		Debug|Any CPU = Debug|Any CPU
		Release|Any CPU = Release|Any CPU
	EndGlobalSection
	GlobalSection(ProjectConfigurationPlatforms) = postSolution
		{3DD81976-97F9-4704-AD30-4F1F4B298EE8}.Debug|Any CPU.ActiveCfg = Debug|Any CPU
		{3DD81976-97F9-4704-AD30-4F1F4B298EE8}.Debug|Any CPU.Build.0 = Debug|Any CPU
		{3DD81976-97F9-4704-AD30-4F1F4B298EE8}.Release|Any CPU.ActiveCfg = Release|Any CPU
		{3DD81976-97F9-4704-AD30-4F1F4B298EE8}.Release|Any CPU.Build.0 = Release|Any CPU
	EndGlobalSection
	GlobalSection(SolutionProperties) = preSolution
		HideSolutionNode = FALSE
	EndGlobalSection
	GlobalSection(ExtensibilityGlobals) = postSolution
		SolutionGuid = {D5C13B61-B0A1-4884-87AF-032954C8CFC3}
	EndGlobalSection
EndGlobal
